
Microsoft Visual Studio Solution File, Format Version 12.00
# Visual Studio Version 17
VisualStudioVersion = 17.5.33414.496
MinimumVisualStudioVersion = 10.0.40219.1
Project("{FAE04EC0-301F-11D3-BF4B-00C04F79EFBC}") = "WindowsFormsApp1", "..\WindowsFormsApp1\WindowsFormsApp1.csproj", "{960764D1-9B5C-42F4-B86E-338F911D104B}"
EndProject
Global
	GlobalSection(SolutionConfigurationPlatforms) = preSolution
		Debug|Any CPU = Debug|Any CPU
		Release|Any CPU = Release|Any CPU
	EndGlobalSection
	GlobalSection(ProjectConfigurationPlatforms) = postSolution
		{960764D1-9B5C-42F4-B86E-338F911D104B}.Debug|Any CPU.ActiveCfg = Debug|Any CPU
		{960764D1-9B5C-42F4-B86E-338F911D104B}.Debug|Any CPU.Build.0 = Debug|Any CPU
		{960764D1-9B5C-42F4-B86E-338F911D104B}.Release|Any CPU.ActiveCfg = Release|Any CPU
		{960764D1-9B5C-42F4-B86E-338F911D104B}.Release|Any CPU.Build.0 = Release|Any CPU
	EndGlobalSection
	GlobalSection(SolutionProperties) = preSolution
		HideSolutionNode = FALSE
	EndGlobalSection
	GlobalSection(ExtensibilityGlobals) = postSolution
		SolutionGuid = {0F7B0138-59AC-446E-A391-36A0B97E94E8}
	EndGlobalSection
EndGlobal
